
Microsoft Visual Studio Solution File, Format Version 12.00
# Visual Studio Version 17
VisualStudioVersion = 17.6.33829.357
MinimumVisualStudioVersion = 10.0.40219.1
Project("{9A19103F-16F7-4668-BE54-9A1E7A4F7556}") = "TextCalculator", "TextCalculator\TextCalculator.csproj", "{F19C9D60-CFA2-427D-9315-D33FA0954DE9}"
EndProject
Project("{2150E333-8FDC-42A3-9474-1A3956D46DE8}") = "解决方案项", "解决方案项", "{457D9FF2-3DCD-440C-88D1-E0AF4BDD7B6F}"
	ProjectSection(SolutionItems) = preProject
		.editorconfig = .editorconfig
		.gitattributes = .gitattributes
		.gitignore = .gitignore
		.github\workflows\build.yml = .github\workflows\build.yml
		LICENSE.txt = LICENSE.txt
		README.md = README.md
		Settings.XamlStyler = Settings.XamlStyler
	EndProjectSection
EndProject
Global
	GlobalSection(SolutionConfigurationPlatforms) = preSolution
		Debug|Any CPU = Debug|Any CPU
		Release|Any CPU = Release|Any CPU
	EndGlobalSection
	GlobalSection(ProjectConfigurationPlatforms) = postSolution
		{F19C9D60-CFA2-427D-9315-D33FA0954DE9}.Debug|Any CPU.ActiveCfg = Debug|Any CPU
		{F19C9D60-CFA2-427D-9315-D33FA0954DE9}.Debug|Any CPU.Build.0 = Debug|Any CPU
		{F19C9D60-CFA2-427D-9315-D33FA0954DE9}.Release|Any CPU.ActiveCfg = Release|Any CPU
		{F19C9D60-CFA2-427D-9315-D33FA0954DE9}.Release|Any CPU.Build.0 = Release|Any CPU
	EndGlobalSection
	GlobalSection(SolutionProperties) = preSolution
		HideSolutionNode = FALSE
	EndGlobalSection
	GlobalSection(ExtensibilityGlobals) = postSolution
		SolutionGuid = {BD91266D-9F5B-4421-8FA0-A2037C4CDE09}
	EndGlobalSection
EndGlobal
